{
  "name": "oc-harness-setup",
  "version": "0.3.0",
  "lockfileVersion": 3,
  "requires": true,
  "packages": {
    "": {
      "name": "oc-harness-setup",
      "version": "0.3.0",
      "license": "MIT",
      "bin": {
        "oc-harness-setup": "bin/cli.js"
      },
      "engines": {
        "node": ">=22"
      }
    }
  }
}
